{
    "_readme": [
        "This file locks the dependencies of your project to a known state",
        "Read more about it at https://getcomposer.org/doc/01-basic-usage.md#installing-dependencies",
        "This file is @generated automatically"
    ],
    "content-hash": "1a698e4fa0605e77ba85cb2d16d6ac52",
    "packages": [],
    "packages-dev": [
        {
            "name": "zanysoft/laravel-zip",
            "version": "1.0.3",
            "source": {
                "type": "git",
                "url": "https://github.com/zanysoft/laravel-zip.git",
                "reference": "466663746c92154c48a2d490efc6724f9f6e9652"
            },
            "dist": {
                "type": "zip",
                "url": "https://api.github.com/repos/zanysoft/laravel-zip/zipball/466663746c92154c48a2d490efc6724f9f6e9652",
                "reference": "466663746c92154c48a2d490efc6724f9f6e9652",
                "shasum": ""
            },
            "require": {
                "php": ">=5.6.0"
            },
            "require-dev": {
                "phpunit/phpunit": "^4.0|^5.0",
                "scrutinizer/ocular": "^1.0"
            },
            "type": "library",
            "extra": {
                "laravel": {
                    "providers": [
                        "ZanySoft\\Zip\\ZipServiceProvider"
                    ],
                    "aliases": {
                        "Zip": "ZanySoft\\Zip\\ZipFacade"
                    }
                }
            },
            "autoload": {
                "psr-4": {
                    "ZanySoft\\Zip\\": "src"
                }
            },
            "notification-url": "https://packagist.org/downloads/",
            "license": [
                "MIT"
            ],
            "authors": [
                {
                    "name": "Zany Soft",
                    "email": "info@zanysoft.co",
                    "homepage": "http://www.zanysoft.co"
                }
            ],
            "description": "ZipArchive toolbox",
            "homepage": "http://www.zanysoft.co",
            "keywords": [
                "merge",
                "multiple",
                "unzip",
                "zip",
                "ziparchive"
            ],
            "time": "2017-10-10T03:22:41+00:00"
        }
    ],
    "aliases": [],
    "minimum-stability": "dev",
    "stability-flags": [],
    "prefer-stable": false,
    "prefer-lowest": false,
    "platform": [],
    "platform-dev": []
}
